// !$*UTF8*$!
{
	archiveVersion = 1;
	classes = {
	};
	objectVersion = 46;
	objects = {

/* Begin PBXBuildFile section */
		5B961E651E03E289006696FF /* DiemCaoViewController.swift in Sources */ = {isa = PBXBuildFile; fileRef = 5B961E641E03E289006696FF /* DiemCaoViewController.swift */; };
		5BFBBAAF1E0227BD00AE148A /* AppDelegate.swift in Sources */ = {isa = PBXBuildFile; fileRef = 5BFBBAAE1E0227BD00AE148A /* AppDelegate.swift */; };
		5BFBBAB11E0227BD00AE148A /* ViewController.swift in Sources */ = {isa = PBXBuildFile; fileRef = 5BFBBAB01E0227BD00AE148A /* ViewController.swift */; };
		5BFBBAB71E0227BD00AE148A /* CD_iOS.xcdatamodeld in Sources */ = {isa = PBXBuildFile; fileRef = 5BFBBAB51E0227BD00AE148A /* CD_iOS.xcdatamodeld */; };
		5BFBBAB91E0227BD00AE148A /* Assets.xcassets in Resources */ = {isa = PBXBuildFile; fileRef = 5BFBBAB81E0227BD00AE148A /* Assets.xcassets */; };
		5BFBBABC1E0227BD00AE148A /* LaunchScreen.storyboard in Resources */ = {isa = PBXBuildFile; fileRef = 5BFBBABA1E0227BD00AE148A /* LaunchScreen.storyboard */; };
		5BFBBAC71E0227BD00AE148A /* CD_iOSTests.swift in Sources */ = {isa = PBXBuildFile; fileRef = 5BFBBAC61E0227BD00AE148A /* CD_iOSTests.swift */; };
		5BFBBAD21E0227BD00AE148A /* CD_iOSUITests.swift in Sources */ = {isa = PBXBuildFile; fileRef = 5BFBBAD11E0227BD00AE148A /* CD_iOSUITests.swift */; };
		5BFBBAE01E0227CE00AE148A /* AudioToolbox.framework in Frameworks */ = {isa = PBXBuildFile; fileRef = 5BFBBADF1E0227CE00AE148A /* AudioToolbox.framework */; };
		5BFBBAF51E0232CA00AE148A /* NhapTenNguoiChoiViewController.swift in Sources */ = {isa = PBXBuildFile; fileRef = 5BFBBAF31E0232CA00AE148A /* NhapTenNguoiChoiViewController.swift */; };
		5BFBBAF61E0232CA00AE148A /* TroChoiViewController.swift in Sources */ = {isa = PBXBuildFile; fileRef = 5BFBBAF41E0232CA00AE148A /* TroChoiViewController.swift */; };
		5BFBBAF91E02359600AE148A /* Main.storyboard in Resources */ = {isa = PBXBuildFile; fileRef = 5BFBBAF71E02359600AE148A /* Main.storyboard */; };
		5BFBBAFD1E0238C900AE148A /* Communication.mp3 in Resources */ = {isa = PBXBuildFile; fileRef = 5BFBBAFC1E0238C900AE148A /* Communication.mp3 */; };
		5BFBBB071E02395800AE148A /* Computer.mp3 in Resources */ = {isa = PBXBuildFile; fileRef = 5BFBBAFE1E02395800AE148A /* Computer.mp3 */; };
		5BFBBB081E02395800AE148A /* Dictionary.mp3 in Resources */ = {isa = PBXBuildFile; fileRef = 5BFBBAFF1E02395800AE148A /* Dictionary.mp3 */; };
		5BFBBB091E02395800AE148A /* Explorer.mp3 in Resources */ = {isa = PBXBuildFile; fileRef = 5BFBBB001E02395800AE148A /* Explorer.mp3 */; };
		5BFBBB0A1E02395800AE148A /* Favourite.mp3 in Resources */ = {isa = PBXBuildFile; fileRef = 5BFBBB011E02395800AE148A /* Favourite.mp3 */; };
		5BFBBB0B1E02395800AE148A /* Future.mp3 in Resources */ = {isa = PBXBuildFile; fileRef = 5BFBBB021E02395800AE148A /* Future.mp3 */; };
		5BFBBB0C1E02395800AE148A /* Mobility.mp3 in Resources */ = {isa = PBXBuildFile; fileRef = 5BFBBB031E02395800AE148A /* Mobility.mp3 */; };
		5BFBBB0D1E02395800AE148A /* Popular.mp3 in Resources */ = {isa = PBXBuildFile; fileRef = 5BFBBB041E02395800AE148A /* Popular.mp3 */; };
		5BFBBB0E1E02395800AE148A /* Program.mp3 in Resources */ = {isa = PBXBuildFile; fileRef = 5BFBBB051E02395800AE148A /* Program.mp3 */; };
		5BFBBB0F1E02395800AE148A /* Search.mp3 in Resources */ = {isa = PBXBuildFile; fileRef = 5BFBBB061E02395800AE148A /* Search.mp3 */; };
/* End PBXBuildFile section */

/* Begin PBXContainerItemProxy section */
		5BFBBAC31E0227BD00AE148A /* PBXContainerItemProxy */ = {
			isa = PBXContainerItemProxy;
			containerPortal = 5BFBBAA31E0227BD00AE148A /* Project object */;
			proxyType = 1;
			remoteGlobalIDString = 5BFBBAAA1E0227BD00AE148A;
			remoteInfo = CD_iOS;
		};
		5BFBBACE1E0227BD00AE148A /* PBXContainerItemProxy */ = {
			isa = PBXContainerItemProxy;
			containerPortal = 5BFBBAA31E0227BD00AE148A /* Project object */;
			proxyType = 1;
			remoteGlobalIDString = 5BFBBAAA1E0227BD00AE148A;
			remoteInfo = CD_iOS;
		};
/* End PBXContainerItemProxy section */

/* Begin PBXFileReference section */
		5B961E641E03E289006696FF /* DiemCaoViewController.swift */ = {isa = PBXFileReference; fileEncoding = 4; lastKnownFileType = sourcecode.swift; path = DiemCaoViewController.swift; sourceTree = "<group>"; };
		5BFBBAAB1E0227BD00AE148A /* CD_iOS.app */ = {isa = PBXFileReference; explicitFileType = wrapper.application; includeInIndex = 0; path = CD_iOS.app; sourceTree = BUILT_PRODUCTS_DIR; };
		5BFBBAAE1E0227BD00AE148A /* AppDelegate.swift */ = {isa = PBXFileReference; lastKnownFileType = sourcecode.swift; path = AppDelegate.swift; sourceTree = "<group>"; };
		5BFBBAB01E0227BD00AE148A /* ViewController.swift */ = {isa = PBXFileReference; lastKnownFileType = sourcecode.swift; path = ViewController.swift; sourceTree = "<group>"; };
		5BFBBAB61E0227BD00AE148A /* CD_iOS.xcdatamodel */ = {isa = PBXFileReference; lastKnownFileType = wrapper.xcdatamodel; path = CD_iOS.xcdatamodel; sourceTree = "<group>"; };
		5BFBBAB81E0227BD00AE148A /* Assets.xcassets */ = {isa = PBXFileReference; lastKnownFileType = folder.assetcatalog; path = Assets.xcassets; sourceTree = "<group>"; };
		5BFBBABB1E0227BD00AE148A /* Base */ = {isa = PBXFileReference; lastKnownFileType = file.storyboard; name = Base; path = Base.lproj/LaunchScreen.storyboard; sourceTree = "<group>"; };
		5BFBBABD1E0227BD00AE148A /* Info.plist */ = {isa = PBXFileReference; lastKnownFileType = text.plist.xml; path = Info.plist; sourceTree = "<group>"; };
		5BFBBAC21E0227BD00AE148A /* CD_iOSTests.xctest */ = {isa = PBXFileReference; explicitFileType = wrapper.cfbundle; includeInIndex = 0; path = CD_iOSTests.xctest; sourceTree = BUILT_PRODUCTS_DIR; };
		5BFBBAC61E0227BD00AE148A /* CD_iOSTests.swift */ = {isa = PBXFileReference; lastKnownFileType = sourcecode.swift; path = CD_iOSTests.swift; sourceTree = "<group>"; };
		5BFBBAC81E0227BD00AE148A /* Info.plist */ = {isa = PBXFileReference; lastKnownFileType = text.plist.xml; path = Info.plist; sourceTree = "<group>"; };
		5BFBBACD1E0227BD00AE148A /* CD_iOSUITests.xctest */ = {isa = PBXFileReference; explicitFileType = wrapper.cfbundle; includeInIndex = 0; path = CD_iOSUITests.xctest; sourceTree = BUILT_PRODUCTS_DIR; };
		5BFBBAD11E0227BD00AE148A /* CD_iOSUITests.swift */ = {isa = PBXFileReference; lastKnownFileType = sourcecode.swift; path = CD_iOSUITests.swift; sourceTree = "<group>"; };
		5BFBBAD31E0227BD00AE148A /* Info.plist */ = {isa = PBXFileReference; lastKnownFileType = text.plist.xml; path = Info.plist; sourceTree = "<group>"; };
		5BFBBADF1E0227CE00AE148A /* AudioToolbox.framework */ = {isa = PBXFileReference; lastKnownFileType = wrapper.framework; name = AudioToolbox.framework; path = System/Library/Frameworks/AudioToolbox.framework; sourceTree = SDKROOT; };
		5BFBBAF31E0232CA00AE148A /* NhapTenNguoiChoiViewController.swift */ = {isa = PBXFileReference; fileEncoding = 4; lastKnownFileType = sourcecode.swift; path = NhapTenNguoiChoiViewController.swift; sourceTree = "<group>"; };
		5BFBBAF41E0232CA00AE148A /* TroChoiViewController.swift */ = {isa = PBXFileReference; fileEncoding = 4; lastKnownFileType = sourcecode.swift; path = TroChoiViewController.swift; sourceTree = "<group>"; };
		5BFBBAF81E02359600AE148A /* Base */ = {isa = PBXFileReference; lastKnownFileType = file.storyboard; name = Base; path = Base.lproj/Main.storyboard; sourceTree = "<group>"; };
		5BFBBAFC1E0238C900AE148A /* Communication.mp3 */ = {isa = PBXFileReference; lastKnownFileType = audio.mp3; path = Communication.mp3; sourceTree = "<group>"; };
		5BFBBAFE1E02395800AE148A /* Computer.mp3 */ = {isa = PBXFileReference; lastKnownFileType = audio.mp3; path = Computer.mp3; sourceTree = "<group>"; };
		5BFBBAFF1E02395800AE148A /* Dictionary.mp3 */ = {isa = PBXFileReference; lastKnownFileType = audio.mp3; path = Dictionary.mp3; sourceTree = "<group>"; };
		5BFBBB001E02395800AE148A /* Explorer.mp3 */ = {isa = PBXFileReference; lastKnownFileType = audio.mp3; path = Explorer.mp3; sourceTree = "<group>"; };
		5BFBBB011E02395800AE148A /* Favourite.mp3 */ = {isa = PBXFileReference; lastKnownFileType = audio.mp3; path = Favourite.mp3; sourceTree = "<group>"; };
		5BFBBB021E02395800AE148A /* Future.mp3 */ = {isa = PBXFileReference; lastKnownFileType = audio.mp3; path = Future.mp3; sourceTree = "<group>"; };
		5BFBBB031E02395800AE148A /* Mobility.mp3 */ = {isa = PBXFileReference; lastKnownFileType = audio.mp3; path = Mobility.mp3; sourceTree = "<group>"; };
		5BFBBB041E02395800AE148A /* Popular.mp3 */ = {isa = PBXFileReference; lastKnownFileType = audio.mp3; path = Popular.mp3; sourceTree = "<group>"; };
		5BFBBB051E02395800AE148A /* Program.mp3 */ = {isa = PBXFileReference; lastKnownFileType = audio.mp3; path = Program.mp3; sourceTree = "<group>"; };
		5BFBBB061E02395800AE148A /* Search.mp3 */ = {isa = PBXFileReference; lastKnownFileType = audio.mp3; path = Search.mp3; sourceTree = "<group>"; };
/* End PBXFileReference section */

/* Begin PBXFrameworksBuildPhase section */
		5BFBBAA81E0227BD00AE148A /* Frameworks */ = {
			isa = PBXFrameworksBuildPhase;
			buildActionMask = 2147483647;
			files = (
				5BFBBAE01E0227CE00AE148A /* AudioToolbox.framework in Frameworks */,
			);
			runOnlyForDeploymentPostprocessing = 0;
		};
		5BFBBABF1E0227BD00AE148A /* Frameworks */ = {
			isa = PBXFrameworksBuildPhase;
			buildActionMask = 2147483647;
			files = (
			);
			runOnlyForDeploymentPostprocessing = 0;
		};
		5BFBBACA1E0227BD00AE148A /* Frameworks */ = {
			isa = PBXFrameworksBuildPhase;
			buildActionMask = 2147483647;
			files = (
			);
			runOnlyForDeploymentPostprocessing = 0;
		};
/* End PBXFrameworksBuildPhase section */

/* Begin PBXGroup section */
		5BFBBAA21E0227BD00AE148A = {
			isa = PBXGroup;
			children = (
				5BFBBADF1E0227CE00AE148A /* AudioToolbox.framework */,
				5BFBBAAD1E0227BD00AE148A /* CD_iOS */,
				5BFBBAC51E0227BD00AE148A /* CD_iOSTests */,
				5BFBBAD01E0227BD00AE148A /* CD_iOSUITests */,
				5BFBBAAC1E0227BD00AE148A /* Products */,
			);
			sourceTree = "<group>";
		};
		5BFBBAAC1E0227BD00AE148A /* Products */ = {
			isa = PBXGroup;
			children = (
				5BFBBAAB1E0227BD00AE148A /* CD_iOS.app */,
				5BFBBAC21E0227BD00AE148A /* CD_iOSTests.xctest */,
				5BFBBACD1E0227BD00AE148A /* CD_iOSUITests.xctest */,
			);
			name = Products;
			sourceTree = "<group>";
		};
		5BFBBAAD1E0227BD00AE148A /* CD_iOS */ = {
			isa = PBXGroup;
			children = (
				5BFBBAFE1E02395800AE148A /* Computer.mp3 */,
				5BFBBAFF1E02395800AE148A /* Dictionary.mp3 */,
				5BFBBB001E02395800AE148A /* Explorer.mp3 */,
				5BFBBB011E02395800AE148A /* Favourite.mp3 */,
				5BFBBB021E02395800AE148A /* Future.mp3 */,
				5BFBBB031E02395800AE148A /* Mobility.mp3 */,
				5BFBBB041E02395800AE148A /* Popular.mp3 */,
				5BFBBB051E02395800AE148A /* Program.mp3 */,
				5BFBBB061E02395800AE148A /* Search.mp3 */,
				5BFBBAFC1E0238C900AE148A /* Communication.mp3 */,
				5BFBBAF71E02359600AE148A /* Main.storyboard */,
				5B961E641E03E289006696FF /* DiemCaoViewController.swift */,
				5BFBBAF31E0232CA00AE148A /* NhapTenNguoiChoiViewController.swift */,
				5BFBBAF41E0232CA00AE148A /* TroChoiViewController.swift */,
				5BFBBAAE1E0227BD00AE148A /* AppDelegate.swift */,
				5BFBBAB01E0227BD00AE148A /* ViewController.swift */,
				5BFBBAB81E0227BD00AE148A /* Assets.xcassets */,
				5BFBBABA1E0227BD00AE148A /* LaunchScreen.storyboard */,
				5BFBBABD1E0227BD00AE148A /* Info.plist */,
				5BFBBAB51E0227BD00AE148A /* CD_iOS.xcdatamodeld */,
			);
			path = CD_iOS;
			sourceTree = "<group>";
		};
		5BFBBAC51E0227BD00AE148A /* CD_iOSTests */ = {
			isa = PBXGroup;
			children = (
				5BFBBAC61E0227BD00AE148A /* CD_iOSTests.swift */,
				5BFBBAC81E0227BD00AE148A /* Info.plist */,
			);
			path = CD_iOSTests;
			sourceTree = "<group>";
		};
		5BFBBAD01E0227BD00AE148A /* CD_iOSUITests */ = {
			isa = PBXGroup;
			children = (
				5BFBBAD11E0227BD00AE148A /* CD_iOSUITests.swift */,
				5BFBBAD31E0227BD00AE148A /* Info.plist */,
			);
			path = CD_iOSUITests;
			sourceTree = "<group>";
		};
/* End PBXGroup section */

/* Begin PBXNativeTarget section */
		5BFBBAAA1E0227BD00AE148A /* CD_iOS */ = {
			isa = PBXNativeTarget;
			buildConfigurationList = 5BFBBAD61E0227BD00AE148A /* Build configuration list for PBXNativeTarget "CD_iOS" */;
			buildPhases = (
				5BFBBAA71E0227BD00AE148A /* Sources */,
				5BFBBAA81E0227BD00AE148A /* Frameworks */,
				5BFBBAA91E0227BD00AE148A /* Resources */,
			);
			buildRules = (
			);
			dependencies = (
			);
			name = CD_iOS;
			productName = CD_iOS;
			productReference = 5BFBBAAB1E0227BD00AE148A /* CD_iOS.app */;
			productType = "com.apple.product-type.application";
		};
		5BFBBAC11E0227BD00AE148A /* CD_iOSTests */ = {
			isa = PBXNativeTarget;
			buildConfigurationList = 5BFBBAD91E0227BD00AE148A /* Build configuration list for PBXNativeTarget "CD_iOSTests" */;
			buildPhases = (
				5BFBBABE1E0227BD00AE148A /* Sources */,
				5BFBBABF1E0227BD00AE148A /* Frameworks */,
				5BFBBAC01E0227BD00AE148A /* Resources */,
			);
			buildRules = (
			);
			dependencies = (
				5BFBBAC41E0227BD00AE148A /* PBXTargetDependency */,
			);
			name = CD_iOSTests;
			productName = CD_iOSTests;
			productReference = 5BFBBAC21E0227BD00AE148A /* CD_iOSTests.xctest */;
			productType = "com.apple.product-type.bundle.unit-test";
		};
		5BFBBACC1E0227BD00AE148A /* CD_iOSUITests */ = {
			isa = PBXNativeTarget;
			buildConfigurationList = 5BFBBADC1E0227BD00AE148A /* Build configuration list for PBXNativeTarget "CD_iOSUITests" */;
			buildPhases = (
				5BFBBAC91E0227BD00AE148A /* Sources */,
				5BFBBACA1E0227BD00AE148A /* Frameworks */,
				5BFBBACB1E0227BD00AE148A /* Resources */,
			);
			buildRules = (
			);
			dependencies = (
				5BFBBACF1E0227BD00AE148A /* PBXTargetDependency */,
			);
			name = CD_iOSUITests;
			productName = CD_iOSUITests;
			productReference = 5BFBBACD1E0227BD00AE148A /* CD_iOSUITests.xctest */;
			productType = "com.apple.product-type.bundle.ui-testing";
		};
/* End PBXNativeTarget section */

/* Begin PBXProject section */
		5BFBBAA31E0227BD00AE148A /* Project object */ = {
			isa = PBXProject;
			attributes = {
				LastSwiftUpdateCheck = 0730;
				LastUpgradeCheck = 0730;
				ORGANIZATIONNAME = "Nguyen Hung My";
				TargetAttributes = {
					5BFBBAAA1E0227BD00AE148A = {
						CreatedOnToolsVersion = 7.3.1;
						DevelopmentTeam = 8GE928C2R9;
					};
					5BFBBAC11E0227BD00AE148A = {
						CreatedOnToolsVersion = 7.3.1;
						TestTargetID = 5BFBBAAA1E0227BD00AE148A;
					};
					5BFBBACC1E0227BD00AE148A = {
						CreatedOnToolsVersion = 7.3.1;
						TestTargetID = 5BFBBAAA1E0227BD00AE148A;
					};
				};
			};
			buildConfigurationList = 5BFBBAA61E0227BD00AE148A /* Build configuration list for PBXProject "CD_iOS" */;
			compatibilityVersion = "Xcode 3.2";
			developmentRegion = English;
			hasScannedForEncodings = 0;
			knownRegions = (
				en,
				Base,
			);
			mainGroup = 5BFBBAA21E0227BD00AE148A;
			productRefGroup = 5BFBBAAC1E0227BD00AE148A /* Products */;
			projectDirPath = "";
			projectRoot = "";
			targets = (
				5BFBBAAA1E0227BD00AE148A /* CD_iOS */,
				5BFBBAC11E0227BD00AE148A /* CD_iOSTests */,
				5BFBBACC1E0227BD00AE148A /* CD_iOSUITests */,
			);
		};
/* End PBXProject section */

/* Begin PBXResourcesBuildPhase section */
		5BFBBAA91E0227BD00AE148A /* Resources */ = {
			isa = PBXResourcesBuildPhase;
			buildActionMask = 2147483647;
			files = (
				5BFBBB0D1E02395800AE148A /* Popular.mp3 in Resources */,
				5BFBBB0A1E02395800AE148A /* Favourite.mp3 in Resources */,
				5BFBBABC1E0227BD00AE148A /* LaunchScreen.storyboard in Resources */,
				5BFBBAFD1E0238C900AE148A /* Communication.mp3 in Resources */,
				5BFBBB081E02395800AE148A /* Dictionary.mp3 in Resources */,
				5BFBBB091E02395800AE148A /* Explorer.mp3 in Resources */,
				5BFBBAB91E0227BD00AE148A /* Assets.xcassets in Resources */,
				5BFBBB071E02395800AE148A /* Computer.mp3 in Resources */,
				5BFBBAF91E02359600AE148A /* Main.storyboard in Resources */,
				5BFBBB0F1E02395800AE148A /* Search.mp3 in Resources */,
				5BFBBB0E1E02395800AE148A /* Program.mp3 in Resources */,
				5BFBBB0B1E02395800AE148A /* Future.mp3 in Resources */,
				5BFBBB0C1E02395800AE148A /* Mobility.mp3 in Resources */,
			);
			runOnlyForDeploymentPostprocessing = 0;
		};
		5BFBBAC01E0227BD00AE148A /* Resources */ = {
			isa = PBXResourcesBuildPhase;
			buildActionMask = 2147483647;
			files = (
			);
			runOnlyForDeploymentPostprocessing = 0;
		};
		5BFBBACB1E0227BD00AE148A /* Resources */ = {
			isa = PBXResourcesBuildPhase;
			buildActionMask = 2147483647;
			files = (
			);
			runOnlyForDeploymentPostprocessing = 0;
		};
/* End PBXResourcesBuildPhase section */

/* Begin PBXSourcesBuildPhase section */
		5BFBBAA71E0227BD00AE148A /* Sources */ = {
			isa = PBXSourcesBuildPhase;
			buildActionMask = 2147483647;
			files = (
				5BFBBAB11E0227BD00AE148A /* ViewController.swift in Sources */,
				5BFBBAF61E0232CA00AE148A /* TroChoiViewController.swift in Sources */,
				5BFBBAF51E0232CA00AE148A /* NhapTenNguoiChoiViewController.swift in Sources */,
				5B961E651E03E289006696FF /* DiemCaoViewController.swift in Sources */,
				5BFBBAB71E0227BD00AE148A /* CD_iOS.xcdatamodeld in Sources */,
				5BFBBAAF1E0227BD00AE148A /* AppDelegate.swift in Sources */,
			);
			runOnlyForDeploymentPostprocessing = 0;
		};
		5BFBBABE1E0227BD00AE148A /* Sources */ = {
			isa = PBXSourcesBuildPhase;
			buildActionMask = 2147483647;
			files = (
				5BFBBAC71E0227BD00AE148A /* CD_iOSTests.swift in Sources */,
			);
			runOnlyForDeploymentPostprocessing = 0;
		};
		5BFBBAC91E0227BD00AE148A /* Sources */ = {
			isa = PBXSourcesBuildPhase;
			buildActionMask = 2147483647;
			files = (
				5BFBBAD21E0227BD00AE148A /* CD_iOSUITests.swift in Sources */,
			);
			runOnlyForDeploymentPostprocessing = 0;
		};
/* End PBXSourcesBuildPhase section */

/* Begin PBXTargetDependency section */
		5BFBBAC41E0227BD00AE148A /* PBXTargetDependency */ = {
			isa = PBXTargetDependency;
			target = 5BFBBAAA1E0227BD00AE148A /* CD_iOS */;
			targetProxy = 5BFBBAC31E0227BD00AE148A /* PBXContainerItemProxy */;
		};
		5BFBBACF1E0227BD00AE148A /* PBXTargetDependency */ = {
			isa = PBXTargetDependency;
			target = 5BFBBAAA1E0227BD00AE148A /* CD_iOS */;
			targetProxy = 5BFBBACE1E0227BD00AE148A /* PBXContainerItemProxy */;
		};
/* End PBXTargetDependency section */

/* Begin PBXVariantGroup section */
		5BFBBABA1E0227BD00AE148A /* LaunchScreen.storyboard */ = {
			isa = PBXVariantGroup;
			children = (
				5BFBBABB1E0227BD00AE148A /* Base */,
			);
			name = LaunchScreen.storyboard;
			sourceTree = "<group>";
		};
		5BFBBAF71E02359600AE148A /* Main.storyboard */ = {
			isa = PBXVariantGroup;
			children = (
				5BFBBAF81E02359600AE148A /* Base */,
			);
			name = Main.storyboard;
			sourceTree = "<group>";
		};
/* End PBXVariantGroup section */

/* Begin XCBuildConfiguration section */
		5BFBBAD41E0227BD00AE148A /* Debug */ = {
			isa = XCBuildConfiguration;
			buildSettings = {
				ALWAYS_SEARCH_USER_PATHS = NO;
				CLANG_ANALYZER_NONNULL = YES;
				CLANG_CXX_LANGUAGE_STANDARD = "gnu++0x";
				CLANG_CXX_LIBRARY = "libc++";
				CLANG_ENABLE_MODULES = YES;
				CLANG_ENABLE_OBJC_ARC = YES;
				CLANG_WARN_BOOL_CONVERSION = YES;
				CLANG_WARN_CONSTANT_CONVERSION = YES;
				CLANG_WARN_DIRECT_OBJC_ISA_USAGE = YES_ERROR;
				CLANG_WARN_EMPTY_BODY = YES;
				CLANG_WARN_ENUM_CONVERSION = YES;
				CLANG_WARN_INT_CONVERSION = YES;
				CLANG_WARN_OBJC_ROOT_CLASS = YES_ERROR;
				CLANG_WARN_UNREACHABLE_CODE = YES;
				CLANG_WARN__DUPLICATE_METHOD_MATCH = YES;
				"CODE_SIGN_IDENTITY[sdk=iphoneos*]" = "iPhone Developer";
				COPY_PHASE_STRIP = NO;
				DEBUG_INFORMATION_FORMAT = dwarf;
				ENABLE_STRICT_OBJC_MSGSEND = YES;
				ENABLE_TESTABILITY = YES;
				GCC_C_LANGUAGE_STANDARD = gnu99;
				GCC_DYNAMIC_NO_PIC = NO;
				GCC_NO_COMMON_BLOCKS = YES;
				GCC_OPTIMIZATION_LEVEL = 0;
				GCC_PREPROCESSOR_DEFINITIONS = (
					"DEBUG=1",
					"$(inherited)",
				);
				GCC_WARN_64_TO_32_BIT_CONVERSION = YES;
				GCC_WARN_ABOUT_RETURN_TYPE = YES_ERROR;
				GCC_WARN_UNDECLARED_SELECTOR = YES;
				GCC_WARN_UNINITIALIZED_AUTOS = YES_AGGRESSIVE;
				GCC_WARN_UNUSED_FUNCTION = YES;
				GCC_WARN_UNUSED_VARIABLE = YES;
				IPHONEOS_DEPLOYMENT_TARGET = 9.3;
				MTL_ENABLE_DEBUG_INFO = YES;
				ONLY_ACTIVE_ARCH = YES;
				SDKROOT = iphoneos;
				SWIFT_OPTIMIZATION_LEVEL = "-Onone";
			};
			name = Debug;
		};
		5BFBBAD51E0227BD00AE148A /* Release */ = {
			isa = XCBuildConfiguration;
			buildSettings = {
				ALWAYS_SEARCH_USER_PATHS = NO;
				CLANG_ANALYZER_NONNULL = YES;
				CLANG_CXX_LANGUAGE_STANDARD = "gnu++0x";
				CLANG_CXX_LIBRARY = "libc++";
				CLANG_ENABLE_MODULES = YES;
				CLANG_ENABLE_OBJC_ARC = YES;
				CLANG_WARN_BOOL_CONVERSION = YES;
				CLANG_WARN_CONSTANT_CONVERSION = YES;
				CLANG_WARN_DIRECT_OBJC_ISA_USAGE = YES_ERROR;
				CLANG_WARN_EMPTY_BODY = YES;
				CLANG_WARN_ENUM_CONVERSION = YES;
				CLANG_WARN_INT_CONVERSION = YES;
				CLANG_WARN_OBJC_ROOT_CLASS = YES_ERROR;
				CLANG_WARN_UNREACHABLE_CODE = YES;
				CLANG_WARN__DUPLICATE_METHOD_MATCH = YES;
				"CODE_SIGN_IDENTITY[sdk=iphoneos*]" = "iPhone Developer";
				COPY_PHASE_STRIP = NO;
				DEBUG_INFORMATION_FORMAT = "dwarf-with-dsym";
				ENABLE_NS_ASSERTIONS = NO;
				ENABLE_STRICT_OBJC_MSGSEND = YES;
				GCC_C_LANGUAGE_STANDARD = gnu99;
				GCC_NO_COMMON_BLOCKS = YES;
				GCC_WARN_64_TO_32_BIT_CONVERSION = YES;
				GCC_WARN_ABOUT_RETURN_TYPE = YES_ERROR;
				GCC_WARN_UNDECLARED_SELECTOR = YES;
				GCC_WARN_UNINITIALIZED_AUTOS = YES_AGGRESSIVE;
				GCC_WARN_UNUSED_FUNCTION = YES;
				GCC_WARN_UNUSED_VARIABLE = YES;
				IPHONEOS_DEPLOYMENT_TARGET = 9.3;
				MTL_ENABLE_DEBUG_INFO = NO;
				SDKROOT = iphoneos;
				VALIDATE_PRODUCT = YES;
			};
			name = Release;
		};
		5BFBBAD71E0227BD00AE148A /* Debug */ = {
			isa = XCBuildConfiguration;
			buildSettings = {
				ASSETCATALOG_COMPILER_APPICON_NAME = "AppIcon-1";
				CODE_SIGN_IDENTITY = "iPhone Developer";
				"CODE_SIGN_IDENTITY[sdk=iphoneos*]" = "iPhone Developer";
				INFOPLIST_FILE = CD_iOS/Info.plist;
				LD_RUNPATH_SEARCH_PATHS = "$(inherited) @executable_path/Frameworks";
				PRODUCT_BUNDLE_IDENTIFIER = "it.net.CD-iOS";
				PRODUCT_NAME = "$(TARGET_NAME)";
				PROVISIONING_PROFILE = "";
			};
			name = Debug;
		};
		5BFBBAD81E0227BD00AE148A /* Release */ = {
			isa = XCBuildConfiguration;
			buildSettings = {
				ASSETCATALOG_COMPILER_APPICON_NAME = "AppIcon-1";
				CODE_SIGN_IDENTITY = "iPhone Developer";
				"CODE_SIGN_IDENTITY[sdk=iphoneos*]" = "iPhone Developer";
				INFOPLIST_FILE = CD_iOS/Info.plist;
				LD_RUNPATH_SEARCH_PATHS = "$(inherited) @executable_path/Frameworks";
				PRODUCT_BUNDLE_IDENTIFIER = "it.net.CD-iOS";
				PRODUCT_NAME = "$(TARGET_NAME)";
				PROVISIONING_PROFILE = "";
			};
			name = Release;
		};
		5BFBBADA1E0227BD00AE148A /* Debug */ = {
			isa = XCBuildConfiguration;
			buildSettings = {
				BUNDLE_LOADER = "$(TEST_HOST)";
				INFOPLIST_FILE = CD_iOSTests/Info.plist;
				LD_RUNPATH_SEARCH_PATHS = "$(inherited) @executable_path/Frameworks @loader_path/Frameworks";
				PRODUCT_BUNDLE_IDENTIFIER = "it.net.CD-iOSTests";
				PRODUCT_NAME = "$(TARGET_NAME)";
				TEST_HOST = "$(BUILT_PRODUCTS_DIR)/CD_iOS.app/CD_iOS";
			};
			name = Debug;
		};
		5BFBBADB1E0227BD00AE148A /* Release */ = {
			isa = XCBuildConfiguration;
			buildSettings = {
				BUNDLE_LOADER = "$(TEST_HOST)";
				INFOPLIST_FILE = CD_iOSTests/Info.plist;
				LD_RUNPATH_SEARCH_PATHS = "$(inherited) @executable_path/Frameworks @loader_path/Frameworks";
				PRODUCT_BUNDLE_IDENTIFIER = "it.net.CD-iOSTests";
				PRODUCT_NAME = "$(TARGET_NAME)";
				TEST_HOST = "$(BUILT_PRODUCTS_DIR)/CD_iOS.app/CD_iOS";
			};
			name = Release;
		};
		5BFBBADD1E0227BD00AE148A /* Debug */ = {
			isa = XCBuildConfiguration;
			buildSettings = {
				INFOPLIST_FILE = CD_iOSUITests/Info.plist;
				LD_RUNPATH_SEARCH_PATHS = "$(inherited) @executable_path/Frameworks @loader_path/Frameworks";
				PRODUCT_BUNDLE_IDENTIFIER = "it.net.CD-iOSUITests";
				PRODUCT_NAME = "$(TARGET_NAME)";
				TEST_TARGET_NAME = CD_iOS;
			};
			name = Debug;
		};
		5BFBBADE1E0227BD00AE148A /* Release */ = {
			isa = XCBuildConfiguration;
			buildSettings = {
				INFOPLIST_FILE = CD_iOSUITests/Info.plist;
				LD_RUNPATH_SEARCH_PATHS = "$(inherited) @executable_path/Frameworks @loader_path/Frameworks";
				PRODUCT_BUNDLE_IDENTIFIER = "it.net.CD-iOSUITests";
				PRODUCT_NAME = "$(TARGET_NAME)";
				TEST_TARGET_NAME = CD_iOS;
			};
			name = Release;
		};
/* End XCBuildConfiguration section */

/* Begin XCConfigurationList section */
		5BFBBAA61E0227BD00AE148A /* Build configuration list for PBXProject "CD_iOS" */ = {
			isa = XCConfigurationList;
			buildConfigurations = (
				5BFBBAD41E0227BD00AE148A /* Debug */,
				5BFBBAD51E0227BD00AE148A /* Release */,
			);
			defaultConfigurationIsVisible = 0;
			defaultConfigurationName = Release;
		};
		5BFBBAD61E0227BD00AE148A /* Build configuration list for PBXNativeTarget "CD_iOS" */ = {
			isa = XCConfigurationList;
			buildConfigurations = (
				5BFBBAD71E0227BD00AE148A /* Debug */,
				5BFBBAD81E0227BD00AE148A /* Release */,
			);
			defaultConfigurationIsVisible = 0;
			defaultConfigurationName = Release;
		};
		5BFBBAD91E0227BD00AE148A /* Build configuration list for PBXNativeTarget "CD_iOSTests" */ = {
			isa = XCConfigurationList;
			buildConfigurations = (
				5BFBBADA1E0227BD00AE148A /* Debug */,
				5BFBBADB1E0227BD00AE148A /* Release */,
			);
			defaultConfigurationIsVisible = 0;
			defaultConfigurationName = Release;
		};
		5BFBBADC1E0227BD00AE148A /* Build configuration list for PBXNativeTarget "CD_iOSUITests" */ = {
			isa = XCConfigurationList;
			buildConfigurations = (
				5BFBBADD1E0227BD00AE148A /* Debug */,
				5BFBBADE1E0227BD00AE148A /* Release */,
			);
			defaultConfigurationIsVisible = 0;
			defaultConfigurationName = Release;
		};
/* End XCConfigurationList section */

/* Begin XCVersionGroup section */
		5BFBBAB51E0227BD00AE148A /* CD_iOS.xcdatamodeld */ = {
			isa = XCVersionGroup;
			children = (
				5BFBBAB61E0227BD00AE148A /* CD_iOS.xcdatamodel */,
			);
			currentVersion = 5BFBBAB61E0227BD00AE148A /* CD_iOS.xcdatamodel */;
			path = CD_iOS.xcdatamodeld;
			sourceTree = "<group>";
			versionGroupType = wrapper.xcdatamodel;
		};
/* End XCVersionGroup section */
	};
	rootObject = 5BFBBAA31E0227BD00AE148A /* Project object */;
}
